
Microsoft Visual Studio Solution File, Format Version 12.00
# Visual Studio 2013
VisualStudioVersion = 12.0.21005.1
MinimumVisualStudioVersion = 10.0.40219.1
Project("{FAE04EC0-301F-11D3-BF4B-00C04F79EFBC}") = "mCleaner", "mCleaner\mCleaner.csproj", "{B9762C40-C68B-45D9-94AF-6EE87A828331}"
EndProject
Project("{2150E333-8FDC-42A3-9474-1A3956D46DE8}") = "tests", "tests", "{4EDCE918-DCCC-41A2-8DFD-B91ED357B060}"
EndProject
Project("{FAE04EC0-301F-11D3-BF4B-00C04F79EFBC}") = "cleaner_deserialize", "tests\cleaner_deserialize\cleaner_deserialize.csproj", "{05E84912-8BE3-49D6-8128-BE153D7E5E99}"
EndProject
Project("{FAE04EC0-301F-11D3-BF4B-00C04F79EFBC}") = "action_test", "tests\action_test\action_test.csproj", "{514C28CA-E99C-4E3D-95A2-E9276F3CAECD}"
EndProject
Project("{FAE04EC0-301F-11D3-BF4B-00C04F79EFBC}") = "glob_test", "tests\glob_test\glob_test.csproj", "{7BE897D0-2ECC-49C2-B4B4-BF525973249E}"
EndProject
Global
	GlobalSection(SolutionConfigurationPlatforms) = preSolution
		Debug|Any CPU = Debug|Any CPU
		Release|Any CPU = Release|Any CPU
	EndGlobalSection
	GlobalSection(ProjectConfigurationPlatforms) = postSolution
		{B9762C40-C68B-45D9-94AF-6EE87A828331}.Debug|Any CPU.ActiveCfg = Debug|Any CPU
		{B9762C40-C68B-45D9-94AF-6EE87A828331}.Debug|Any CPU.Build.0 = Debug|Any CPU
		{B9762C40-C68B-45D9-94AF-6EE87A828331}.Release|Any CPU.ActiveCfg = Release|Any CPU
		{B9762C40-C68B-45D9-94AF-6EE87A828331}.Release|Any CPU.Build.0 = Release|Any CPU
		{05E84912-8BE3-49D6-8128-BE153D7E5E99}.Debug|Any CPU.ActiveCfg = Debug|Any CPU
		{05E84912-8BE3-49D6-8128-BE153D7E5E99}.Debug|Any CPU.Build.0 = Debug|Any CPU
		{05E84912-8BE3-49D6-8128-BE153D7E5E99}.Release|Any CPU.ActiveCfg = Release|Any CPU
		{05E84912-8BE3-49D6-8128-BE153D7E5E99}.Release|Any CPU.Build.0 = Release|Any CPU
		{514C28CA-E99C-4E3D-95A2-E9276F3CAECD}.Debug|Any CPU.ActiveCfg = Debug|Any CPU
		{514C28CA-E99C-4E3D-95A2-E9276F3CAECD}.Debug|Any CPU.Build.0 = Debug|Any CPU
		{514C28CA-E99C-4E3D-95A2-E9276F3CAECD}.Release|Any CPU.ActiveCfg = Release|Any CPU
		{514C28CA-E99C-4E3D-95A2-E9276F3CAECD}.Release|Any CPU.Build.0 = Release|Any CPU
		{7BE897D0-2ECC-49C2-B4B4-BF525973249E}.Debug|Any CPU.ActiveCfg = Debug|Any CPU
		{7BE897D0-2ECC-49C2-B4B4-BF525973249E}.Debug|Any CPU.Build.0 = Debug|Any CPU
		{7BE897D0-2ECC-49C2-B4B4-BF525973249E}.Release|Any CPU.ActiveCfg = Release|Any CPU
		{7BE897D0-2ECC-49C2-B4B4-BF525973249E}.Release|Any CPU.Build.0 = Release|Any CPU
	EndGlobalSection
	GlobalSection(SolutionProperties) = preSolution
		HideSolutionNode = FALSE
	EndGlobalSection
	GlobalSection(NestedProjects) = preSolution
		{05E84912-8BE3-49D6-8128-BE153D7E5E99} = {4EDCE918-DCCC-41A2-8DFD-B91ED357B060}
		{514C28CA-E99C-4E3D-95A2-E9276F3CAECD} = {4EDCE918-DCCC-41A2-8DFD-B91ED357B060}
		{7BE897D0-2ECC-49C2-B4B4-BF525973249E} = {4EDCE918-DCCC-41A2-8DFD-B91ED357B060}
	EndGlobalSection
EndGlobal
